
Microsoft Visual Studio Solution File, Format Version 12.00
# Visual Studio 15
VisualStudioVersion = 15.0.26228.4
MinimumVisualStudioVersion = 10.0.40219.1
Project("{FAE04EC0-301F-11D3-BF4B-00C04F79EFBC}") = "FieldDeviceSimulator", "FieldDeviceSimulator\FieldDeviceSimulator.csproj", "{216A5D16-FD52-4265-BA05-43ED1D14A7B2}"
EndProject
Project("{9092AA53-FB77-4645-B42D-1CCCA6BD08BD}") = "FieldDeviceSimulatorNodeJS", "FieldDeviceSimulatorNodeJS\FieldDeviceSimulatorNodeJS.njsproj", "{D3BE82D9-E7F2-4F22-A148-D6BE66BD100D}"
EndProject
Global
	GlobalSection(SolutionConfigurationPlatforms) = preSolution
		Debug|Any CPU = Debug|Any CPU
		Release|Any CPU = Release|Any CPU
	EndGlobalSection
	GlobalSection(ProjectConfigurationPlatforms) = postSolution
		{216A5D16-FD52-4265-BA05-43ED1D14A7B2}.Debug|Any CPU.ActiveCfg = Debug|Any CPU
		{216A5D16-FD52-4265-BA05-43ED1D14A7B2}.Debug|Any CPU.Build.0 = Debug|Any CPU
		{216A5D16-FD52-4265-BA05-43ED1D14A7B2}.Release|Any CPU.ActiveCfg = Release|Any CPU
		{216A5D16-FD52-4265-BA05-43ED1D14A7B2}.Release|Any CPU.Build.0 = Release|Any CPU
		{D3BE82D9-E7F2-4F22-A148-D6BE66BD100D}.Debug|Any CPU.ActiveCfg = Debug|Any CPU
		{D3BE82D9-E7F2-4F22-A148-D6BE66BD100D}.Debug|Any CPU.Build.0 = Debug|Any CPU
		{D3BE82D9-E7F2-4F22-A148-D6BE66BD100D}.Release|Any CPU.ActiveCfg = Release|Any CPU
		{D3BE82D9-E7F2-4F22-A148-D6BE66BD100D}.Release|Any CPU.Build.0 = Release|Any CPU
	EndGlobalSection
	GlobalSection(SolutionProperties) = preSolution
		HideSolutionNode = FALSE
	EndGlobalSection
EndGlobal
